
Microsoft Visual Studio Solution File, Format Version 12.00
# Visual Studio Version 17
VisualStudioVersion = 17.0.32014.148
MinimumVisualStudioVersion = 10.0.40219.1
Project("{9A19103F-16F7-4668-BE54-9A1E7A4F7556}") = "ScoreManager.Services", "source\ScoreManager.Services\ScoreManager.Services.csproj", "{4816429A-E85A-4413-8BB9-AE9DDACA61A7}"
EndProject
Project("{9A19103F-16F7-4668-BE54-9A1E7A4F7556}") = "ScoreManager.Data", "source\ScoreManager.Data\ScoreManager.Data.csproj", "{1F5120E2-0B5C-4A32-8225-3E408D7CF817}"
EndProject
Project("{9A19103F-16F7-4668-BE54-9A1E7A4F7556}") = "ScoreManager.Api", "source\ScoreManager.Api\ScoreManager.Api.csproj", "{15BA8CF0-2618-4C21-ABB9-762446D4C6DA}"
EndProject
Project("{2150E333-8FDC-42A3-9474-1A3956D46DE8}") = "01.Common", "01.Common", "{8DEF55EC-ED1D-420F-A2AC-84944E1B35C4}"
EndProject
Project("{9A19103F-16F7-4668-BE54-9A1E7A4F7556}") = "ScoreManager.Kernel", "source\ScoreManager.Kernel\ScoreManager.Kernel.csproj", "{23332357-94C6-4D20-860C-4F5BD8A3F9C1}"
EndProject
Project("{2150E333-8FDC-42A3-9474-1A3956D46DE8}") = "02.ScoreManager", "02.ScoreManager", "{6F57DDF4-0388-4C1A-A869-82F3384E0F00}"
EndProject
Project("{2150E333-8FDC-42A3-9474-1A3956D46DE8}") = "01.Domain", "01.Domain", "{F0ED703C-BE1E-4D13-B6C6-BCC9A2EEE8D3}"
EndProject
Project("{2150E333-8FDC-42A3-9474-1A3956D46DE8}") = "02.Infra", "02.Infra", "{E981F251-9DDF-4DEB-874C-A9D513C56DE5}"
EndProject
Project("{2150E333-8FDC-42A3-9474-1A3956D46DE8}") = "03.Application", "03.Application", "{D018DB6B-EC72-4753-8174-EE9D9DA7308E}"
EndProject
Project("{2150E333-8FDC-42A3-9474-1A3956D46DE8}") = "04.UI", "04.UI", "{9CB1F169-A207-408A-B832-6EA3966242F4}"
EndProject
Project("{9A19103F-16F7-4668-BE54-9A1E7A4F7556}") = "ScoreManager.Core", "source\ScoreManager.Core\ScoreManager.Core.csproj", "{9CAD1284-9F73-4DE1-98FF-F9177DE636B1}"
EndProject
Project("{FAE04EC0-301F-11D3-BF4B-00C04F79EFBC}") = "ScoreManager.BlazorApp", "source\ScoreManager.BlazorApp\ScoreManager.BlazorApp.csproj", "{3602E6B9-3CCC-4FED-A213-A2A652AC0A3A}"
EndProject
Project("{2150E333-8FDC-42A3-9474-1A3956D46DE8}") = "05.Client", "05.Client", "{E94DA028-93F0-484C-B51F-4F1CCF6D413C}"
EndProject
Project("{9A19103F-16F7-4668-BE54-9A1E7A4F7556}") = "ScoreManager.Api.Client", "source\ScoreManager.Api.Client\ScoreManager.Api.Client.csproj", "{01F6F1C7-C9D0-4B03-9E16-D2A21C501739}"
EndProject
Global
	GlobalSection(SolutionConfigurationPlatforms) = preSolution
		Debug|Any CPU = Debug|Any CPU
		Release|Any CPU = Release|Any CPU
	EndGlobalSection
	GlobalSection(ProjectConfigurationPlatforms) = postSolution
		{4816429A-E85A-4413-8BB9-AE9DDACA61A7}.Debug|Any CPU.ActiveCfg = Debug|Any CPU
		{4816429A-E85A-4413-8BB9-AE9DDACA61A7}.Debug|Any CPU.Build.0 = Debug|Any CPU
		{4816429A-E85A-4413-8BB9-AE9DDACA61A7}.Release|Any CPU.ActiveCfg = Release|Any CPU
		{4816429A-E85A-4413-8BB9-AE9DDACA61A7}.Release|Any CPU.Build.0 = Release|Any CPU
		{1F5120E2-0B5C-4A32-8225-3E408D7CF817}.Debug|Any CPU.ActiveCfg = Debug|Any CPU
		{1F5120E2-0B5C-4A32-8225-3E408D7CF817}.Debug|Any CPU.Build.0 = Debug|Any CPU
		{1F5120E2-0B5C-4A32-8225-3E408D7CF817}.Release|Any CPU.ActiveCfg = Release|Any CPU
		{1F5120E2-0B5C-4A32-8225-3E408D7CF817}.Release|Any CPU.Build.0 = Release|Any CPU
		{15BA8CF0-2618-4C21-ABB9-762446D4C6DA}.Debug|Any CPU.ActiveCfg = Debug|Any CPU
		{15BA8CF0-2618-4C21-ABB9-762446D4C6DA}.Debug|Any CPU.Build.0 = Debug|Any CPU
		{15BA8CF0-2618-4C21-ABB9-762446D4C6DA}.Release|Any CPU.ActiveCfg = Release|Any CPU
		{15BA8CF0-2618-4C21-ABB9-762446D4C6DA}.Release|Any CPU.Build.0 = Release|Any CPU
		{23332357-94C6-4D20-860C-4F5BD8A3F9C1}.Debug|Any CPU.ActiveCfg = Debug|Any CPU
		{23332357-94C6-4D20-860C-4F5BD8A3F9C1}.Debug|Any CPU.Build.0 = Debug|Any CPU
		{23332357-94C6-4D20-860C-4F5BD8A3F9C1}.Release|Any CPU.ActiveCfg = Release|Any CPU
		{23332357-94C6-4D20-860C-4F5BD8A3F9C1}.Release|Any CPU.Build.0 = Release|Any CPU
		{9CAD1284-9F73-4DE1-98FF-F9177DE636B1}.Debug|Any CPU.ActiveCfg = Debug|Any CPU
		{9CAD1284-9F73-4DE1-98FF-F9177DE636B1}.Debug|Any CPU.Build.0 = Debug|Any CPU
		{9CAD1284-9F73-4DE1-98FF-F9177DE636B1}.Release|Any CPU.ActiveCfg = Release|Any CPU
		{9CAD1284-9F73-4DE1-98FF-F9177DE636B1}.Release|Any CPU.Build.0 = Release|Any CPU
		{3602E6B9-3CCC-4FED-A213-A2A652AC0A3A}.Debug|Any CPU.ActiveCfg = Debug|Any CPU
		{3602E6B9-3CCC-4FED-A213-A2A652AC0A3A}.Debug|Any CPU.Build.0 = Debug|Any CPU
		{3602E6B9-3CCC-4FED-A213-A2A652AC0A3A}.Debug|Any CPU.Deploy.0 = Debug|Any CPU
		{3602E6B9-3CCC-4FED-A213-A2A652AC0A3A}.Release|Any CPU.ActiveCfg = Release|Any CPU
		{3602E6B9-3CCC-4FED-A213-A2A652AC0A3A}.Release|Any CPU.Build.0 = Release|Any CPU
		{3602E6B9-3CCC-4FED-A213-A2A652AC0A3A}.Release|Any CPU.Deploy.0 = Release|Any CPU
		{01F6F1C7-C9D0-4B03-9E16-D2A21C501739}.Debug|Any CPU.ActiveCfg = Debug|Any CPU
		{01F6F1C7-C9D0-4B03-9E16-D2A21C501739}.Debug|Any CPU.Build.0 = Debug|Any CPU
		{01F6F1C7-C9D0-4B03-9E16-D2A21C501739}.Release|Any CPU.ActiveCfg = Release|Any CPU
		{01F6F1C7-C9D0-4B03-9E16-D2A21C501739}.Release|Any CPU.Build.0 = Release|Any CPU
	EndGlobalSection
	GlobalSection(SolutionProperties) = preSolution
		HideSolutionNode = FALSE
	EndGlobalSection
	GlobalSection(NestedProjects) = preSolution
		{4816429A-E85A-4413-8BB9-AE9DDACA61A7} = {D018DB6B-EC72-4753-8174-EE9D9DA7308E}
		{1F5120E2-0B5C-4A32-8225-3E408D7CF817} = {E981F251-9DDF-4DEB-874C-A9D513C56DE5}
		{15BA8CF0-2618-4C21-ABB9-762446D4C6DA} = {D018DB6B-EC72-4753-8174-EE9D9DA7308E}
		{23332357-94C6-4D20-860C-4F5BD8A3F9C1} = {8DEF55EC-ED1D-420F-A2AC-84944E1B35C4}
		{F0ED703C-BE1E-4D13-B6C6-BCC9A2EEE8D3} = {6F57DDF4-0388-4C1A-A869-82F3384E0F00}
		{E981F251-9DDF-4DEB-874C-A9D513C56DE5} = {6F57DDF4-0388-4C1A-A869-82F3384E0F00}
		{D018DB6B-EC72-4753-8174-EE9D9DA7308E} = {6F57DDF4-0388-4C1A-A869-82F3384E0F00}
		{9CB1F169-A207-408A-B832-6EA3966242F4} = {6F57DDF4-0388-4C1A-A869-82F3384E0F00}
		{9CAD1284-9F73-4DE1-98FF-F9177DE636B1} = {F0ED703C-BE1E-4D13-B6C6-BCC9A2EEE8D3}
		{3602E6B9-3CCC-4FED-A213-A2A652AC0A3A} = {9CB1F169-A207-408A-B832-6EA3966242F4}
		{E94DA028-93F0-484C-B51F-4F1CCF6D413C} = {6F57DDF4-0388-4C1A-A869-82F3384E0F00}
		{01F6F1C7-C9D0-4B03-9E16-D2A21C501739} = {E94DA028-93F0-484C-B51F-4F1CCF6D413C}
	EndGlobalSection
	GlobalSection(ExtensibilityGlobals) = postSolution
		SolutionGuid = {17073249-449D-4C75-AE0D-AA6B5BD9C249}
	EndGlobalSection
EndGlobal
